
Microsoft Visual Studio Solution File, Format Version 12.00
# Visual Studio Version 16
VisualStudioVersion = 16.0.29905.134
MinimumVisualStudioVersion = 10.0.40219.1
Project("{FAE04EC0-301F-11D3-BF4B-00C04F79EFBC}") = "FxJWT", "FxJWT\FxJWT.csproj", "{4E329B3C-EADE-45CB-A807-022DC0EA80BA}"
EndProject
Global
	GlobalSection(SolutionConfigurationPlatforms) = preSolution
		Debug|Any CPU = Debug|Any CPU
		Release|Any CPU = Release|Any CPU
	EndGlobalSection
	GlobalSection(ProjectConfigurationPlatforms) = postSolution
		{4E329B3C-EADE-45CB-A807-022DC0EA80BA}.Debug|Any CPU.ActiveCfg = Debug|Any CPU
		{4E329B3C-EADE-45CB-A807-022DC0EA80BA}.Debug|Any CPU.Build.0 = Debug|Any CPU
		{4E329B3C-EADE-45CB-A807-022DC0EA80BA}.Release|Any CPU.ActiveCfg = Release|Any CPU
		{4E329B3C-EADE-45CB-A807-022DC0EA80BA}.Release|Any CPU.Build.0 = Release|Any CPU
	EndGlobalSection
	GlobalSection(SolutionProperties) = preSolution
		HideSolutionNode = FALSE
	EndGlobalSection
	GlobalSection(ExtensibilityGlobals) = postSolution
		SolutionGuid = {B10932B9-EC67-451F-B600-14AB2656B20E}
	EndGlobalSection
EndGlobal
